# This file is autogenerated, do not edit; changes may be undone by the next 'dep ensure'.


[[projects]]
  digest = "1:1c44f05197d518973df6d9371d4783035dd07ec1cb2049a6e799a59b2cc429b4"
  name = "github.com/aws/aws-lambda-go"
  packages = [
    "lambda",
    "lambda/messages",
    "lambdacontext",
  ]
  pruneopts = "UT"
  revision = "9e3676ee8ca83aee500682f382e10b9d03660093"
  version = "v1.8.0"

[[projects]]
  digest = "1:0994bd0519d3504d1516f0d7b2ba399af65051a9bb23ded3b81c4d5f75c35a8a"
  name = "github.com/aws/aws-sdk-go"
  packages = [
    "aws",
    "aws/arn",
    "aws/awserr",
    "aws/awsutil",
    "aws/client",
    "aws/client/metadata",
    "aws/corehandlers",
    "aws/credentials",
    "aws/credentials/ec2rolecreds",
    "aws/credentials/endpointcreds",
    "aws/credentials/stscreds",
    "aws/csm",
    "aws/defaults",
    "aws/ec2metadata",
    "aws/endpoints",
    "aws/request",
    "aws/session",
    "aws/signer/v4",
    "internal/ini",
    "internal/s3err",
    "internal/sdkio",
    "internal/sdkrand",
    "internal/sdkuri",
    "internal/shareddefaults",
    "private/protocol",
    "private/protocol/ec2query",
    "private/protocol/eventstream",
    "private/protocol/eventstream/eventstreamapi",
    "private/protocol/json/jsonutil",
    "private/protocol/jsonrpc",
    "private/protocol/query",
    "private/protocol/query/queryutil",
    "private/protocol/rest",
    "private/protocol/restjson",
    "private/protocol/restxml",
    "private/protocol/xml/xmlutil",
    "service/autoscaling",
    "service/autoscaling/autoscalingiface",
    "service/cloudwatch",
    "service/cloudwatch/cloudwatchiface",
    "service/ec2",
    "service/ec2/ec2iface",
    "service/elb",
    "service/elb/elbiface",
    "service/elbv2",
    "service/elbv2/elbv2iface",
    "service/iam",
    "service/iam/iamiface",
    "service/lambda",
    "service/lambda/lambdaiface",
    "service/s3",
    "service/s3/s3iface",
    "service/sfn",
    "service/sfn/sfniface",
    "service/sns",
    "service/sns/snsiface",
    "service/sts",
  ]
  pruneopts = "UT"
  revision = "ddc06f9fad886ea5daa5f828f3ca094084f8c2a7"
  version = "v1.15.90"

[[projects]]
  branch = "master"
  digest = "1:5fabe0671b7efaa0c02869529116b95788c09b4e9b8550bec0351f0c863ce626"
  name = "github.com/coinbase/step"
  packages = [
    "aws",
    "aws/mocks",
    "aws/s3",
    "bifrost",
    "errors",
    "execution",
    "handler",
    "jsonpath",
    "machine",
    "machine/state",
    "utils/is",
    "utils/run",
    "utils/to",
  ]
  pruneopts = "UT"
  revision = "54b6c881d1c3d0346a9d1ef98aa5229c74fed6b9"

[[projects]]
  digest = "1:ffe9824d294da03b391f44e1ae8281281b4afc1bdaa9588c9097785e3af10cec"
  name = "github.com/davecgh/go-spew"
  packages = ["spew"]
  pruneopts = "UT"
  revision = "8991bc29aa16c548c550c7ff78260e27b9ab7c73"
  version = "v1.1.1"

[[projects]]
  branch = "master"
  digest = "1:3ee90c0d94da31b442dde97c99635aaafec68d0b8a3c12ee2075c6bdabeec6bb"
  name = "github.com/google/gofuzz"
  packages = ["."]
  pruneopts = "UT"
  revision = "24818f796faf91cd76ec7bddd72458fbced7a6c1"

[[projects]]
  digest = "1:e22af8c7518e1eab6f2eab2b7d7558927f816262586cd6ed9f349c97a6c285c4"
  name = "github.com/jmespath/go-jmespath"
  packages = ["."]
  pruneopts = "UT"
  revision = "0b12d6b5"

[[projects]]
  digest = "1:0028cb19b2e4c3112225cd871870f2d9cf49b9b4276531f03438a88e94be86fe"
  name = "github.com/pmezard/go-difflib"
  packages = ["difflib"]
  pruneopts = "UT"
  revision = "792786c7400a136282c1664665ae0a8db921c6c2"
  version = "v1.0.0"

[[projects]]
  digest = "1:18752d0b95816a1b777505a97f71c7467a8445b8ffb55631a7bf779f6ba4fa83"
  name = "github.com/stretchr/testify"
  packages = ["assert"]
  pruneopts = "UT"
  revision = "f35b8ab0b5a2cef36673838d662e249dd9c94686"
  version = "v1.2.2"

[solve-meta]
  analyzer-name = "dep"
  analyzer-version = 1
  input-imports = [
    "github.com/aws/aws-sdk-go/aws/awserr",
    "github.com/aws/aws-sdk-go/service/autoscaling",
    "github.com/aws/aws-sdk-go/service/autoscaling/autoscalingiface",
    "github.com/aws/aws-sdk-go/service/cloudwatch",
    "github.com/aws/aws-sdk-go/service/cloudwatch/cloudwatchiface",
    "github.com/aws/aws-sdk-go/service/ec2",
    "github.com/aws/aws-sdk-go/service/ec2/ec2iface",
    "github.com/aws/aws-sdk-go/service/elb",
    "github.com/aws/aws-sdk-go/service/elb/elbiface",
    "github.com/aws/aws-sdk-go/service/elbv2",
    "github.com/aws/aws-sdk-go/service/elbv2/elbv2iface",
    "github.com/aws/aws-sdk-go/service/iam",
    "github.com/aws/aws-sdk-go/service/iam/iamiface",
    "github.com/aws/aws-sdk-go/service/s3",
    "github.com/aws/aws-sdk-go/service/s3/s3iface",
    "github.com/aws/aws-sdk-go/service/sfn",
    "github.com/aws/aws-sdk-go/service/sfn/sfniface",
    "github.com/aws/aws-sdk-go/service/sns",
    "github.com/aws/aws-sdk-go/service/sns/snsiface",
    "github.com/coinbase/step/aws",
    "github.com/coinbase/step/aws/mocks",
    "github.com/coinbase/step/aws/s3",
    "github.com/coinbase/step/bifrost",
    "github.com/coinbase/step/errors",
    "github.com/coinbase/step/execution",
    "github.com/coinbase/step/handler",
    "github.com/coinbase/step/machine",
    "github.com/coinbase/step/utils/is",
    "github.com/coinbase/step/utils/run",
    "github.com/coinbase/step/utils/to",
    "github.com/google/gofuzz",
    "github.com/stretchr/testify/assert",
  ]
  solver-name = "gps-cdcl"
  solver-version = 1
